
Microsoft Visual Studio Solution File, Format Version 12.00
# Visual Studio 15
VisualStudioVersion = 15.0.28307.902
MinimumVisualStudioVersion = 10.0.40219.1
Project("{FAE04EC0-301F-11D3-BF4B-00C04F79EFBC}") = "PBMS", "PBMS\PBMS.csproj", "{70542155-E37A-437D-B8F6-5D3660CE0DF1}"
EndProject
Global
	GlobalSection(SolutionConfigurationPlatforms) = preSolution
		Debug|Any CPU = Debug|Any CPU
		Release|Any CPU = Release|Any CPU
	EndGlobalSection
	GlobalSection(ProjectConfigurationPlatforms) = postSolution
		{70542155-E37A-437D-B8F6-5D3660CE0DF1}.Debug|Any CPU.ActiveCfg = Debug|Any CPU
		{70542155-E37A-437D-B8F6-5D3660CE0DF1}.Debug|Any CPU.Build.0 = Debug|Any CPU
		{70542155-E37A-437D-B8F6-5D3660CE0DF1}.Release|Any CPU.ActiveCfg = Release|Any CPU
		{70542155-E37A-437D-B8F6-5D3660CE0DF1}.Release|Any CPU.Build.0 = Release|Any CPU
	EndGlobalSection
	GlobalSection(SolutionProperties) = preSolution
		HideSolutionNode = FALSE
	EndGlobalSection
	GlobalSection(ExtensibilityGlobals) = postSolution
		SolutionGuid = {A88A0901-44E7-4DD3-8C9A-FFAEFE816F24}
	EndGlobalSection
EndGlobal
